
Microsoft Visual Studio Solution File, Format Version 12.00
# Visual Studio Version 16
VisualStudioVersion = 16.0.29613.14
MinimumVisualStudioVersion = 10.0.40219.1
Project("{FAE04EC0-301F-11D3-BF4B-00C04F79EFBC}") = "InterfacesConsoleAppDemo", "InterfacesConsoleAppDemo.csproj", "{F01D2F00-8A61-42B9-AA1D-285C3895523C}"
EndProject
Global
	GlobalSection(SolutionConfigurationPlatforms) = preSolution
		Debug|Any CPU = Debug|Any CPU
		Release|Any CPU = Release|Any CPU
	EndGlobalSection
	GlobalSection(ProjectConfigurationPlatforms) = postSolution
		{F01D2F00-8A61-42B9-AA1D-285C3895523C}.Debug|Any CPU.ActiveCfg = Debug|Any CPU
		{F01D2F00-8A61-42B9-AA1D-285C3895523C}.Debug|Any CPU.Build.0 = Debug|Any CPU
		{F01D2F00-8A61-42B9-AA1D-285C3895523C}.Release|Any CPU.ActiveCfg = Release|Any CPU
		{F01D2F00-8A61-42B9-AA1D-285C3895523C}.Release|Any CPU.Build.0 = Release|Any CPU
	EndGlobalSection
	GlobalSection(SolutionProperties) = preSolution
		HideSolutionNode = FALSE
	EndGlobalSection
	GlobalSection(ExtensibilityGlobals) = postSolution
		SolutionGuid = {B498F81A-C39E-4360-B15D-F82F6F1DEE73}
	EndGlobalSection
EndGlobal
